
Microsoft Visual Studio Solution File, Format Version 12.00
# Visual Studio 15
VisualStudioVersion = 15.0.27004.2006
MinimumVisualStudioVersion = 10.0.40219.1
Project("{FAE04EC0-301F-11D3-BF4B-00C04F79EFBC}") = "Zadaca1RPR_17324", "Zadaca1RPR_17324\Zadaca1RPR_17324.csproj", "{EF83EEEC-965E-4441-A0DE-4783A7450BB1}"
EndProject
Project("{FAE04EC0-301F-11D3-BF4B-00C04F79EFBC}") = "Doktori", "Doktor\Doktori.csproj", "{00C101EE-53AD-41D2-A1F2-B0A966DAD82F}"
EndProject
Global
	GlobalSection(SolutionConfigurationPlatforms) = preSolution
		Debug|Any CPU = Debug|Any CPU
		Release|Any CPU = Release|Any CPU
	EndGlobalSection
	GlobalSection(ProjectConfigurationPlatforms) = postSolution
		{EF83EEEC-965E-4441-A0DE-4783A7450BB1}.Debug|Any CPU.ActiveCfg = Debug|Any CPU
		{EF83EEEC-965E-4441-A0DE-4783A7450BB1}.Debug|Any CPU.Build.0 = Debug|Any CPU
		{EF83EEEC-965E-4441-A0DE-4783A7450BB1}.Release|Any CPU.ActiveCfg = Release|Any CPU
		{EF83EEEC-965E-4441-A0DE-4783A7450BB1}.Release|Any CPU.Build.0 = Release|Any CPU
		{00C101EE-53AD-41D2-A1F2-B0A966DAD82F}.Debug|Any CPU.ActiveCfg = Debug|Any CPU
		{00C101EE-53AD-41D2-A1F2-B0A966DAD82F}.Debug|Any CPU.Build.0 = Debug|Any CPU
		{00C101EE-53AD-41D2-A1F2-B0A966DAD82F}.Release|Any CPU.ActiveCfg = Release|Any CPU
		{00C101EE-53AD-41D2-A1F2-B0A966DAD82F}.Release|Any CPU.Build.0 = Release|Any CPU
	EndGlobalSection
	GlobalSection(SolutionProperties) = preSolution
		HideSolutionNode = FALSE
	EndGlobalSection
	GlobalSection(ExtensibilityGlobals) = postSolution
		SolutionGuid = {FBE6267F-56AA-4BE1-93D5-EF7237405EB7}
	EndGlobalSection
EndGlobal
