
Microsoft Visual Studio Solution File, Format Version 12.00
# Visual Studio 15
VisualStudioVersion = 15.0.28010.2026
MinimumVisualStudioVersion = 10.0.40219.1
Project("{FAE04EC0-301F-11D3-BF4B-00C04F79EFBC}") = "RPR-T1-Z4", "RPR-T1-Z4\RPR-T1-Z4.csproj", "{F4AA24F4-B2ED-45F6-A84E-9EB5AAF6BEB4}"
EndProject
Global
	GlobalSection(SolutionConfigurationPlatforms) = preSolution
		Debug|Any CPU = Debug|Any CPU
		Release|Any CPU = Release|Any CPU
	EndGlobalSection
	GlobalSection(ProjectConfigurationPlatforms) = postSolution
		{F4AA24F4-B2ED-45F6-A84E-9EB5AAF6BEB4}.Debug|Any CPU.ActiveCfg = Debug|Any CPU
		{F4AA24F4-B2ED-45F6-A84E-9EB5AAF6BEB4}.Debug|Any CPU.Build.0 = Debug|Any CPU
		{F4AA24F4-B2ED-45F6-A84E-9EB5AAF6BEB4}.Release|Any CPU.ActiveCfg = Release|Any CPU
		{F4AA24F4-B2ED-45F6-A84E-9EB5AAF6BEB4}.Release|Any CPU.Build.0 = Release|Any CPU
	EndGlobalSection
	GlobalSection(SolutionProperties) = preSolution
		HideSolutionNode = FALSE
	EndGlobalSection
	GlobalSection(ExtensibilityGlobals) = postSolution
		SolutionGuid = {80442E58-8445-44D0-B68D-22EDAE93E107}
	EndGlobalSection
EndGlobal
